
Microsoft Visual Studio Solution File, Format Version 12.00
# Visual Studio 15
VisualStudioVersion = 15.0.26124.0
MinimumVisualStudioVersion = 15.0.26124.0
Project("{FAE04EC0-301F-11D3-BF4B-00C04F79EFBC}") = "FloatUserDefined", "FloatUserDefined\FloatUserDefined.csproj", "{FE180FC5-6D9A-458A-9569-32F8CA38C4B5}"
EndProject
Project("{FAE04EC0-301F-11D3-BF4B-00C04F79EFBC}") = "BinarySearchTree", "BinarySearchTree\BinarySearchTree.csproj", "{C9ED414D-0FE8-4922-8ABE-34AA7D2D546B}"
EndProject
Project("{FAE04EC0-301F-11D3-BF4B-00C04F79EFBC}") = "FilesProgram", "FilesProgram\FilesProgram.csproj", "{325F0720-F6B3-4703-B274-8228300F3A5C}"
EndProject
Project("{FAE04EC0-301F-11D3-BF4B-00C04F79EFBC}") = "Test1", "Test1\Test1.csproj", "{22765B2D-9DA2-4A0B-B8BF-720A6FA05551}"
EndProject
Project("{FAE04EC0-301F-11D3-BF4B-00C04F79EFBC}") = "ShortestPath", "ShortestPath\ShortestPath.csproj", "{8F7FEF21-48B5-47D8-A209-1E045EFFE021}"
EndProject
Global
	GlobalSection(SolutionConfigurationPlatforms) = preSolution
		Debug|Any CPU = Debug|Any CPU
		Debug|x64 = Debug|x64
		Debug|x86 = Debug|x86
		Release|Any CPU = Release|Any CPU
		Release|x64 = Release|x64
		Release|x86 = Release|x86
	EndGlobalSection
	GlobalSection(SolutionProperties) = preSolution
		HideSolutionNode = FALSE
	EndGlobalSection
	GlobalSection(ProjectConfigurationPlatforms) = postSolution
		{FE180FC5-6D9A-458A-9569-32F8CA38C4B5}.Debug|Any CPU.ActiveCfg = Debug|Any CPU
		{FE180FC5-6D9A-458A-9569-32F8CA38C4B5}.Debug|Any CPU.Build.0 = Debug|Any CPU
		{FE180FC5-6D9A-458A-9569-32F8CA38C4B5}.Debug|x64.ActiveCfg = Debug|x64
		{FE180FC5-6D9A-458A-9569-32F8CA38C4B5}.Debug|x64.Build.0 = Debug|x64
		{FE180FC5-6D9A-458A-9569-32F8CA38C4B5}.Debug|x86.ActiveCfg = Debug|x86
		{FE180FC5-6D9A-458A-9569-32F8CA38C4B5}.Debug|x86.Build.0 = Debug|x86
		{FE180FC5-6D9A-458A-9569-32F8CA38C4B5}.Release|Any CPU.ActiveCfg = Release|Any CPU
		{FE180FC5-6D9A-458A-9569-32F8CA38C4B5}.Release|Any CPU.Build.0 = Release|Any CPU
		{FE180FC5-6D9A-458A-9569-32F8CA38C4B5}.Release|x64.ActiveCfg = Release|x64
		{FE180FC5-6D9A-458A-9569-32F8CA38C4B5}.Release|x64.Build.0 = Release|x64
		{FE180FC5-6D9A-458A-9569-32F8CA38C4B5}.Release|x86.ActiveCfg = Release|x86
		{FE180FC5-6D9A-458A-9569-32F8CA38C4B5}.Release|x86.Build.0 = Release|x86
		{C9ED414D-0FE8-4922-8ABE-34AA7D2D546B}.Debug|Any CPU.ActiveCfg = Debug|Any CPU
		{C9ED414D-0FE8-4922-8ABE-34AA7D2D546B}.Debug|Any CPU.Build.0 = Debug|Any CPU
		{C9ED414D-0FE8-4922-8ABE-34AA7D2D546B}.Debug|x64.ActiveCfg = Debug|x64
		{C9ED414D-0FE8-4922-8ABE-34AA7D2D546B}.Debug|x64.Build.0 = Debug|x64
		{C9ED414D-0FE8-4922-8ABE-34AA7D2D546B}.Debug|x86.ActiveCfg = Debug|x86
		{C9ED414D-0FE8-4922-8ABE-34AA7D2D546B}.Debug|x86.Build.0 = Debug|x86
		{C9ED414D-0FE8-4922-8ABE-34AA7D2D546B}.Release|Any CPU.ActiveCfg = Release|Any CPU
		{C9ED414D-0FE8-4922-8ABE-34AA7D2D546B}.Release|Any CPU.Build.0 = Release|Any CPU
		{C9ED414D-0FE8-4922-8ABE-34AA7D2D546B}.Release|x64.ActiveCfg = Release|x64
		{C9ED414D-0FE8-4922-8ABE-34AA7D2D546B}.Release|x64.Build.0 = Release|x64
		{C9ED414D-0FE8-4922-8ABE-34AA7D2D546B}.Release|x86.ActiveCfg = Release|x86
		{C9ED414D-0FE8-4922-8ABE-34AA7D2D546B}.Release|x86.Build.0 = Release|x86
		{325F0720-F6B3-4703-B274-8228300F3A5C}.Debug|Any CPU.ActiveCfg = Debug|Any CPU
		{325F0720-F6B3-4703-B274-8228300F3A5C}.Debug|Any CPU.Build.0 = Debug|Any CPU
		{325F0720-F6B3-4703-B274-8228300F3A5C}.Debug|x64.ActiveCfg = Debug|x64
		{325F0720-F6B3-4703-B274-8228300F3A5C}.Debug|x64.Build.0 = Debug|x64
		{325F0720-F6B3-4703-B274-8228300F3A5C}.Debug|x86.ActiveCfg = Debug|x86
		{325F0720-F6B3-4703-B274-8228300F3A5C}.Debug|x86.Build.0 = Debug|x86
		{325F0720-F6B3-4703-B274-8228300F3A5C}.Release|Any CPU.ActiveCfg = Release|Any CPU
		{325F0720-F6B3-4703-B274-8228300F3A5C}.Release|Any CPU.Build.0 = Release|Any CPU
		{325F0720-F6B3-4703-B274-8228300F3A5C}.Release|x64.ActiveCfg = Release|x64
		{325F0720-F6B3-4703-B274-8228300F3A5C}.Release|x64.Build.0 = Release|x64
		{325F0720-F6B3-4703-B274-8228300F3A5C}.Release|x86.ActiveCfg = Release|x86
		{325F0720-F6B3-4703-B274-8228300F3A5C}.Release|x86.Build.0 = Release|x86
		{22765B2D-9DA2-4A0B-B8BF-720A6FA05551}.Debug|Any CPU.ActiveCfg = Debug|Any CPU
		{22765B2D-9DA2-4A0B-B8BF-720A6FA05551}.Debug|Any CPU.Build.0 = Debug|Any CPU
		{22765B2D-9DA2-4A0B-B8BF-720A6FA05551}.Debug|x64.ActiveCfg = Debug|x64
		{22765B2D-9DA2-4A0B-B8BF-720A6FA05551}.Debug|x64.Build.0 = Debug|x64
		{22765B2D-9DA2-4A0B-B8BF-720A6FA05551}.Debug|x86.ActiveCfg = Debug|x86
		{22765B2D-9DA2-4A0B-B8BF-720A6FA05551}.Debug|x86.Build.0 = Debug|x86
		{22765B2D-9DA2-4A0B-B8BF-720A6FA05551}.Release|Any CPU.ActiveCfg = Release|Any CPU
		{22765B2D-9DA2-4A0B-B8BF-720A6FA05551}.Release|Any CPU.Build.0 = Release|Any CPU
		{22765B2D-9DA2-4A0B-B8BF-720A6FA05551}.Release|x64.ActiveCfg = Release|x64
		{22765B2D-9DA2-4A0B-B8BF-720A6FA05551}.Release|x64.Build.0 = Release|x64
		{22765B2D-9DA2-4A0B-B8BF-720A6FA05551}.Release|x86.ActiveCfg = Release|x86
		{22765B2D-9DA2-4A0B-B8BF-720A6FA05551}.Release|x86.Build.0 = Release|x86
		{8F7FEF21-48B5-47D8-A209-1E045EFFE021}.Debug|Any CPU.ActiveCfg = Debug|Any CPU
		{8F7FEF21-48B5-47D8-A209-1E045EFFE021}.Debug|Any CPU.Build.0 = Debug|Any CPU
		{8F7FEF21-48B5-47D8-A209-1E045EFFE021}.Debug|x64.ActiveCfg = Debug|x64
		{8F7FEF21-48B5-47D8-A209-1E045EFFE021}.Debug|x64.Build.0 = Debug|x64
		{8F7FEF21-48B5-47D8-A209-1E045EFFE021}.Debug|x86.ActiveCfg = Debug|x86
		{8F7FEF21-48B5-47D8-A209-1E045EFFE021}.Debug|x86.Build.0 = Debug|x86
		{8F7FEF21-48B5-47D8-A209-1E045EFFE021}.Release|Any CPU.ActiveCfg = Release|Any CPU
		{8F7FEF21-48B5-47D8-A209-1E045EFFE021}.Release|Any CPU.Build.0 = Release|Any CPU
		{8F7FEF21-48B5-47D8-A209-1E045EFFE021}.Release|x64.ActiveCfg = Release|x64
		{8F7FEF21-48B5-47D8-A209-1E045EFFE021}.Release|x64.Build.0 = Release|x64
		{8F7FEF21-48B5-47D8-A209-1E045EFFE021}.Release|x86.ActiveCfg = Release|x86
		{8F7FEF21-48B5-47D8-A209-1E045EFFE021}.Release|x86.Build.0 = Release|x86
	EndGlobalSection
EndGlobal
